
Microsoft Visual Studio Solution File, Format Version 12.00
# Visual Studio Version 16
VisualStudioVersion = 16.0.32126.315
MinimumVisualStudioVersion = 10.0.40219.1
Project("{FAE04EC0-301F-11D3-BF4B-00C04F79EFBC}") = "myConsoleApp", "myConsoleApp\myConsoleApp.csproj", "{3F32AF7E-E576-4601-B460-97C2FE56395C}"
EndProject
Global
	GlobalSection(SolutionConfigurationPlatforms) = preSolution
		Debug|Any CPU = Debug|Any CPU
		Release|Any CPU = Release|Any CPU
	EndGlobalSection
	GlobalSection(ProjectConfigurationPlatforms) = postSolution
		{3F32AF7E-E576-4601-B460-97C2FE56395C}.Debug|Any CPU.ActiveCfg = Debug|Any CPU
		{3F32AF7E-E576-4601-B460-97C2FE56395C}.Debug|Any CPU.Build.0 = Debug|Any CPU
		{3F32AF7E-E576-4601-B460-97C2FE56395C}.Release|Any CPU.ActiveCfg = Release|Any CPU
		{3F32AF7E-E576-4601-B460-97C2FE56395C}.Release|Any CPU.Build.0 = Release|Any CPU
	EndGlobalSection
	GlobalSection(SolutionProperties) = preSolution
		HideSolutionNode = FALSE
	EndGlobalSection
	GlobalSection(ExtensibilityGlobals) = postSolution
		SolutionGuid = {F3617E4B-DC3F-4FB1-BB30-B4BB6169C083}
	EndGlobalSection
EndGlobal
