
Microsoft Visual Studio Solution File, Format Version 12.00
# Visual Studio Version 16
VisualStudioVersion = 16.0.32126.315
MinimumVisualStudioVersion = 10.0.40219.1
Project("{FAE04EC0-301F-11D3-BF4B-00C04F79EFBC}") = "Anonymous_comparisons", "Anonymous_comparisons\Anonymous_comparisons.csproj", "{FC405257-78E2-4F06-A443-EF19DC9887AF}"
EndProject
Global
	GlobalSection(SolutionConfigurationPlatforms) = preSolution
		Debug|Any CPU = Debug|Any CPU
		Release|Any CPU = Release|Any CPU
	EndGlobalSection
	GlobalSection(ProjectConfigurationPlatforms) = postSolution
		{FC405257-78E2-4F06-A443-EF19DC9887AF}.Debug|Any CPU.ActiveCfg = Debug|Any CPU
		{FC405257-78E2-4F06-A443-EF19DC9887AF}.Debug|Any CPU.Build.0 = Debug|Any CPU
		{FC405257-78E2-4F06-A443-EF19DC9887AF}.Release|Any CPU.ActiveCfg = Release|Any CPU
		{FC405257-78E2-4F06-A443-EF19DC9887AF}.Release|Any CPU.Build.0 = Release|Any CPU
	EndGlobalSection
	GlobalSection(SolutionProperties) = preSolution
		HideSolutionNode = FALSE
	EndGlobalSection
	GlobalSection(ExtensibilityGlobals) = postSolution
		SolutionGuid = {E5173DCE-CC23-4EE5-B923-0A2504FD0849}
	EndGlobalSection
EndGlobal
