
Microsoft Visual Studio Solution File, Format Version 12.00
# Visual Studio Version 16
VisualStudioVersion = 16.0.32126.315
MinimumVisualStudioVersion = 10.0.40219.1
Project("{FAE04EC0-301F-11D3-BF4B-00C04F79EFBC}") = "exception_handling", "exception_handling\exception_handling.csproj", "{3EDBF3D1-DA0B-48FF-805A-E0F0D7AC2CFF}"
EndProject
Global
	GlobalSection(SolutionConfigurationPlatforms) = preSolution
		Debug|Any CPU = Debug|Any CPU
		Release|Any CPU = Release|Any CPU
	EndGlobalSection
	GlobalSection(ProjectConfigurationPlatforms) = postSolution
		{3EDBF3D1-DA0B-48FF-805A-E0F0D7AC2CFF}.Debug|Any CPU.ActiveCfg = Debug|Any CPU
		{3EDBF3D1-DA0B-48FF-805A-E0F0D7AC2CFF}.Debug|Any CPU.Build.0 = Debug|Any CPU
		{3EDBF3D1-DA0B-48FF-805A-E0F0D7AC2CFF}.Release|Any CPU.ActiveCfg = Release|Any CPU
		{3EDBF3D1-DA0B-48FF-805A-E0F0D7AC2CFF}.Release|Any CPU.Build.0 = Release|Any CPU
	EndGlobalSection
	GlobalSection(SolutionProperties) = preSolution
		HideSolutionNode = FALSE
	EndGlobalSection
	GlobalSection(ExtensibilityGlobals) = postSolution
		SolutionGuid = {23E9D6F0-163F-4724-9BB4-74368CC76FFF}
	EndGlobalSection
EndGlobal
