
Microsoft Visual Studio Solution File, Format Version 12.00
# Visual Studio Version 16
VisualStudioVersion = 16.0.32126.315
MinimumVisualStudioVersion = 10.0.40219.1
Project("{FAE04EC0-301F-11D3-BF4B-00C04F79EFBC}") = "code-first", "code-first.csproj", "{AC5BE48F-2655-46E8-8B6C-029A84F98EBA}"
EndProject
Global
	GlobalSection(SolutionConfigurationPlatforms) = preSolution
		Debug|Any CPU = Debug|Any CPU
		Release|Any CPU = Release|Any CPU
	EndGlobalSection
	GlobalSection(ProjectConfigurationPlatforms) = postSolution
		{AC5BE48F-2655-46E8-8B6C-029A84F98EBA}.Debug|Any CPU.ActiveCfg = Debug|Any CPU
		{AC5BE48F-2655-46E8-8B6C-029A84F98EBA}.Debug|Any CPU.Build.0 = Debug|Any CPU
		{AC5BE48F-2655-46E8-8B6C-029A84F98EBA}.Release|Any CPU.ActiveCfg = Release|Any CPU
		{AC5BE48F-2655-46E8-8B6C-029A84F98EBA}.Release|Any CPU.Build.0 = Release|Any CPU
	EndGlobalSection
	GlobalSection(SolutionProperties) = preSolution
		HideSolutionNode = FALSE
	EndGlobalSection
	GlobalSection(ExtensibilityGlobals) = postSolution
		SolutionGuid = {3E3E246F-CF74-4FD1-B693-9E9F6873FFD0}
	EndGlobalSection
EndGlobal
