
Microsoft Visual Studio Solution File, Format Version 12.00
# Visual Studio Version 16
VisualStudioVersion = 16.0.32126.315
MinimumVisualStudioVersion = 10.0.40219.1
Project("{FAE04EC0-301F-11D3-BF4B-00C04F79EFBC}") = "Planet_express", "Planet_express\Planet_express.csproj", "{9420FEF3-D551-4D98-A24E-D429D5DC3023}"
EndProject
Global
	GlobalSection(SolutionConfigurationPlatforms) = preSolution
		Debug|Any CPU = Debug|Any CPU
		Release|Any CPU = Release|Any CPU
	EndGlobalSection
	GlobalSection(ProjectConfigurationPlatforms) = postSolution
		{9420FEF3-D551-4D98-A24E-D429D5DC3023}.Debug|Any CPU.ActiveCfg = Debug|Any CPU
		{9420FEF3-D551-4D98-A24E-D429D5DC3023}.Debug|Any CPU.Build.0 = Debug|Any CPU
		{9420FEF3-D551-4D98-A24E-D429D5DC3023}.Release|Any CPU.ActiveCfg = Release|Any CPU
		{9420FEF3-D551-4D98-A24E-D429D5DC3023}.Release|Any CPU.Build.0 = Release|Any CPU
	EndGlobalSection
	GlobalSection(SolutionProperties) = preSolution
		HideSolutionNode = FALSE
	EndGlobalSection
	GlobalSection(ExtensibilityGlobals) = postSolution
		SolutionGuid = {0D86979E-935F-4CBF-BA7E-5072FA96FF22}
	EndGlobalSection
EndGlobal
