
Microsoft Visual Studio Solution File, Format Version 12.00
# Visual Studio Version 16
VisualStudioVersion = 16.0.32126.315
MinimumVisualStudioVersion = 10.0.40219.1
Project("{FAE04EC0-301F-11D3-BF4B-00C04F79EFBC}") = "variables_datatypes", "variables_datatypes\variables_datatypes.csproj", "{F3A31054-5EAF-49B6-A6DF-C6FA24747F45}"
EndProject
Global
	GlobalSection(SolutionConfigurationPlatforms) = preSolution
		Debug|Any CPU = Debug|Any CPU
		Release|Any CPU = Release|Any CPU
	EndGlobalSection
	GlobalSection(ProjectConfigurationPlatforms) = postSolution
		{F3A31054-5EAF-49B6-A6DF-C6FA24747F45}.Debug|Any CPU.ActiveCfg = Debug|Any CPU
		{F3A31054-5EAF-49B6-A6DF-C6FA24747F45}.Debug|Any CPU.Build.0 = Debug|Any CPU
		{F3A31054-5EAF-49B6-A6DF-C6FA24747F45}.Release|Any CPU.ActiveCfg = Release|Any CPU
		{F3A31054-5EAF-49B6-A6DF-C6FA24747F45}.Release|Any CPU.Build.0 = Release|Any CPU
	EndGlobalSection
	GlobalSection(SolutionProperties) = preSolution
		HideSolutionNode = FALSE
	EndGlobalSection
	GlobalSection(ExtensibilityGlobals) = postSolution
		SolutionGuid = {C8BAA396-0EC4-40EA-913E-634A70502CE3}
	EndGlobalSection
EndGlobal
